
Microsoft Visual Studio Solution File, Format Version 12.00
# Visual Studio Version 17
VisualStudioVersion = 17.0.32014.148
MinimumVisualStudioVersion = 10.0.40219.1
Project("{9A19103F-16F7-4668-BE54-9A1E7A4F7556}") = "Web", "Web\Web.csproj", "{4C317F9B-78BC-4C95-A3F3-090607F06BBD}"
EndProject
Project("{FAE04EC0-301F-11D3-BF4B-00C04F79EFBC}") = "Infrastructure", "Infrastructure\Infrastructure.csproj", "{0A902374-C820-486E-8EAA-B2E0D51ECA10}"
EndProject
Project("{FAE04EC0-301F-11D3-BF4B-00C04F79EFBC}") = "Coree", "Coree\Coree.csproj", "{462E5F74-6B1A-4C03-B9F5-D1B18BCE2785}"
EndProject
Global
	GlobalSection(SolutionConfigurationPlatforms) = preSolution
		Debug|Any CPU = Debug|Any CPU
		Release|Any CPU = Release|Any CPU
	EndGlobalSection
	GlobalSection(ProjectConfigurationPlatforms) = postSolution
		{4C317F9B-78BC-4C95-A3F3-090607F06BBD}.Debug|Any CPU.ActiveCfg = Debug|Any CPU
		{4C317F9B-78BC-4C95-A3F3-090607F06BBD}.Debug|Any CPU.Build.0 = Debug|Any CPU
		{4C317F9B-78BC-4C95-A3F3-090607F06BBD}.Release|Any CPU.ActiveCfg = Release|Any CPU
		{4C317F9B-78BC-4C95-A3F3-090607F06BBD}.Release|Any CPU.Build.0 = Release|Any CPU
		{0A902374-C820-486E-8EAA-B2E0D51ECA10}.Debug|Any CPU.ActiveCfg = Debug|Any CPU
		{0A902374-C820-486E-8EAA-B2E0D51ECA10}.Debug|Any CPU.Build.0 = Debug|Any CPU
		{0A902374-C820-486E-8EAA-B2E0D51ECA10}.Release|Any CPU.ActiveCfg = Release|Any CPU
		{0A902374-C820-486E-8EAA-B2E0D51ECA10}.Release|Any CPU.Build.0 = Release|Any CPU
		{462E5F74-6B1A-4C03-B9F5-D1B18BCE2785}.Debug|Any CPU.ActiveCfg = Debug|Any CPU
		{462E5F74-6B1A-4C03-B9F5-D1B18BCE2785}.Debug|Any CPU.Build.0 = Debug|Any CPU
		{462E5F74-6B1A-4C03-B9F5-D1B18BCE2785}.Release|Any CPU.ActiveCfg = Release|Any CPU
		{462E5F74-6B1A-4C03-B9F5-D1B18BCE2785}.Release|Any CPU.Build.0 = Release|Any CPU
	EndGlobalSection
	GlobalSection(SolutionProperties) = preSolution
		HideSolutionNode = FALSE
	EndGlobalSection
	GlobalSection(ExtensibilityGlobals) = postSolution
		SolutionGuid = {35B910C1-01FF-4234-B329-F75508CF0714}
	EndGlobalSection
EndGlobal
